
Microsoft Visual Studio Solution File, Format Version 12.00
# Visual Studio Version 16
VisualStudioVersion = 16.0.29409.12
MinimumVisualStudioVersion = 10.0.40219.1
Project("{FAE04EC0-301F-11D3-BF4B-00C04F79EFBC}") = "Tarea2", "Tarea2\Tarea2.csproj", "{DB6DF563-8FB3-4AE3-A1D4-AA4429EF353C}"
EndProject
Project("{FAE04EC0-301F-11D3-BF4B-00C04F79EFBC}") = "Tarea2Models", "Tarea2Models\Tarea2Models.csproj", "{B582482A-80E8-4BD2-98AF-54204CD9DB32}"
EndProject
Global
	GlobalSection(SolutionConfigurationPlatforms) = preSolution
		Debug|Any CPU = Debug|Any CPU
		Release|Any CPU = Release|Any CPU
	EndGlobalSection
	GlobalSection(ProjectConfigurationPlatforms) = postSolution
		{DB6DF563-8FB3-4AE3-A1D4-AA4429EF353C}.Debug|Any CPU.ActiveCfg = Debug|Any CPU
		{DB6DF563-8FB3-4AE3-A1D4-AA4429EF353C}.Debug|Any CPU.Build.0 = Debug|Any CPU
		{DB6DF563-8FB3-4AE3-A1D4-AA4429EF353C}.Release|Any CPU.ActiveCfg = Release|Any CPU
		{DB6DF563-8FB3-4AE3-A1D4-AA4429EF353C}.Release|Any CPU.Build.0 = Release|Any CPU
		{B582482A-80E8-4BD2-98AF-54204CD9DB32}.Debug|Any CPU.ActiveCfg = Debug|Any CPU
		{B582482A-80E8-4BD2-98AF-54204CD9DB32}.Debug|Any CPU.Build.0 = Debug|Any CPU
		{B582482A-80E8-4BD2-98AF-54204CD9DB32}.Release|Any CPU.ActiveCfg = Release|Any CPU
		{B582482A-80E8-4BD2-98AF-54204CD9DB32}.Release|Any CPU.Build.0 = Release|Any CPU
	EndGlobalSection
	GlobalSection(SolutionProperties) = preSolution
		HideSolutionNode = FALSE
	EndGlobalSection
	GlobalSection(ExtensibilityGlobals) = postSolution
		SolutionGuid = {1F35121E-B1DA-4EDA-BA5C-E269C885F11D}
	EndGlobalSection
EndGlobal
